
Microsoft Visual Studio Solution File, Format Version 12.00
Project("{FAE04EC0-301F-11D3-BF4B-00C04F79EFBC}") = "LunarLander", "LunarLander\LunarLander.csproj", "{982CC9F3-AB8F-49FE-88CA-A1E2DA13F8EF}"
EndProject
Global
	GlobalSection(SolutionConfigurationPlatforms) = preSolution
		Debug|Any CPU = Debug|Any CPU
		Release|Any CPU = Release|Any CPU
	EndGlobalSection
	GlobalSection(ProjectConfigurationPlatforms) = postSolution
		{982CC9F3-AB8F-49FE-88CA-A1E2DA13F8EF}.Debug|Any CPU.ActiveCfg = Debug|Any CPU
		{982CC9F3-AB8F-49FE-88CA-A1E2DA13F8EF}.Debug|Any CPU.Build.0 = Debug|Any CPU
		{982CC9F3-AB8F-49FE-88CA-A1E2DA13F8EF}.Release|Any CPU.ActiveCfg = Release|Any CPU
		{982CC9F3-AB8F-49FE-88CA-A1E2DA13F8EF}.Release|Any CPU.Build.0 = Release|Any CPU
	EndGlobalSection
EndGlobal
